// !$*UTF8*$!
{
	archiveVersion = 1;
	classes = {
	};
	objectVersion = 77;
	objects = {

/* Begin PBXBuildFile section */
		9E36A8C12DD3202E003BA4CB /* FirebaseFirestore in Frameworks */ = {isa = PBXBuildFile; productRef = 9E36A8C02DD3202E003BA4CB /* FirebaseFirestore */; };
		9E5456A02DCEAA9E0089F4C2 /* FirebaseAuth in Frameworks */ = {isa = PBXBuildFile; productRef = 9E54569F2DCEAA9E0089F4C2 /* FirebaseAuth */; };
/* End PBXBuildFile section */

/* Begin PBXContainerItemProxy section */
		9E5456802DCEA0BD0089F4C2 /* PBXContainerItemProxy */ = {
			isa = PBXContainerItemProxy;
			containerPortal = 9E5456612DCEA0BC0089F4C2 /* Project object */;
			proxyType = 1;
			remoteGlobalIDString = 9E5456682DCEA0BC0089F4C2;
			remoteInfo = TolykSebet;
		};
		9E54568A2DCEA0BD0089F4C2 /* PBXContainerItemProxy */ = {
			isa = PBXContainerItemProxy;
			containerPortal = 9E5456612DCEA0BC0089F4C2 /* Project object */;
			proxyType = 1;
			remoteGlobalIDString = 9E5456682DCEA0BC0089F4C2;
			remoteInfo = TolykSebet;
		};
/* End PBXContainerItemProxy section */

/* Begin PBXFileReference section */
		9E5456692DCEA0BC0089F4C2 /* TolykSebet.app */ = {isa = PBXFileReference; explicitFileType = wrapper.application; includeInIndex = 0; path = TolykSebet.app; sourceTree = BUILT_PRODUCTS_DIR; };
		9E54567F2DCEA0BD0089F4C2 /* TolykSebetTests.xctest */ = {isa = PBXFileReference; explicitFileType = wrapper.cfbundle; includeInIndex = 0; path = TolykSebetTests.xctest; sourceTree = BUILT_PRODUCTS_DIR; };
		9E5456892DCEA0BD0089F4C2 /* TolykSebetUITests.xctest */ = {isa = PBXFileReference; explicitFileType = wrapper.cfbundle; includeInIndex = 0; path = TolykSebetUITests.xctest; sourceTree = BUILT_PRODUCTS_DIR; };
/* End PBXFileReference section */

/* Begin PBXFileSystemSynchronizedBuildFileExceptionSet section */
		9E5456912DCEA0BD0089F4C2 /* Exceptions for "TolykSebet" folder in "TolykSebet" target */ = {
			isa = PBXFileSystemSynchronizedBuildFileExceptionSet;
			membershipExceptions = (
				Info.plist,
			);
			target = 9E5456682DCEA0BC0089F4C2 /* TolykSebet */;
		};
/* End PBXFileSystemSynchronizedBuildFileExceptionSet section */

/* Begin PBXFileSystemSynchronizedRootGroup section */
		9E54566B2DCEA0BC0089F4C2 /* TolykSebet */ = {
			isa = PBXFileSystemSynchronizedRootGroup;
			exceptions = (
				9E5456912DCEA0BD0089F4C2 /* Exceptions for "TolykSebet" folder in "TolykSebet" target */,
			);
			path = TolykSebet;
			sourceTree = "<group>";
		};
		9E5456822DCEA0BD0089F4C2 /* TolykSebetTests */ = {
			isa = PBXFileSystemSynchronizedRootGroup;
			path = TolykSebetTests;
			sourceTree = "<group>";
		};
		9E54568C2DCEA0BD0089F4C2 /* TolykSebetUITests */ = {
			isa = PBXFileSystemSynchronizedRootGroup;
			path = TolykSebetUITests;
			sourceTree = "<group>";
		};
/* End PBXFileSystemSynchronizedRootGroup section */

/* Begin PBXFrameworksBuildPhase section */
		9E5456662DCEA0BC0089F4C2 /* Frameworks */ = {
			isa = PBXFrameworksBuildPhase;
			buildActionMask = 2147483647;
			files = (
				9E5456A02DCEAA9E0089F4C2 /* FirebaseAuth in Frameworks */,
				9E36A8C12DD3202E003BA4CB /* FirebaseFirestore in Frameworks */,
			);
			runOnlyForDeploymentPostprocessing = 0;
		};
		9E54567C2DCEA0BD0089F4C2 /* Frameworks */ = {
			isa = PBXFrameworksBuildPhase;
			buildActionMask = 2147483647;
			files = (
			);
			runOnlyForDeploymentPostprocessing = 0;
		};
		9E5456862DCEA0BD0089F4C2 /* Frameworks */ = {
			isa = PBXFrameworksBuildPhase;
			buildActionMask = 2147483647;
			files = (
			);
			runOnlyForDeploymentPostprocessing = 0;
		};
/* End PBXFrameworksBuildPhase section */

/* Begin PBXGroup section */
		9E5456602DCEA0BC0089F4C2 = {
			isa = PBXGroup;
			children = (
				9E54566B2DCEA0BC0089F4C2 /* TolykSebet */,
				9E5456822DCEA0BD0089F4C2 /* TolykSebetTests */,
				9E54568C2DCEA0BD0089F4C2 /* TolykSebetUITests */,
				9E54566A2DCEA0BC0089F4C2 /* Products */,
			);
			sourceTree = "<group>";
		};
		9E54566A2DCEA0BC0089F4C2 /* Products */ = {
			isa = PBXGroup;
			children = (
				9E5456692DCEA0BC0089F4C2 /* TolykSebet.app */,
				9E54567F2DCEA0BD0089F4C2 /* TolykSebetTests.xctest */,
				9E5456892DCEA0BD0089F4C2 /* TolykSebetUITests.xctest */,
			);
			name = Products;
			sourceTree = "<group>";
		};
/* End PBXGroup section */

/* Begin PBXNativeTarget section */
		9E5456682DCEA0BC0089F4C2 /* TolykSebet */ = {
			isa = PBXNativeTarget;
			buildConfigurationList = 9E5456922DCEA0BD0089F4C2 /* Build configuration list for PBXNativeTarget "TolykSebet" */;
			buildPhases = (
				9E5456652DCEA0BC0089F4C2 /* Sources */,
				9E5456662DCEA0BC0089F4C2 /* Frameworks */,
				9E5456672DCEA0BC0089F4C2 /* Resources */,
			);
			buildRules = (
			);
			dependencies = (
			);
			fileSystemSynchronizedGroups = (
				9E54566B2DCEA0BC0089F4C2 /* TolykSebet */,
			);
			name = TolykSebet;
			packageProductDependencies = (
				9E54569F2DCEAA9E0089F4C2 /* FirebaseAuth */,
				9E36A8C02DD3202E003BA4CB /* FirebaseFirestore */,
			);
			productName = TolykSebet;
			productReference = 9E5456692DCEA0BC0089F4C2 /* TolykSebet.app */;
			productType = "com.apple.product-type.application";
		};
		9E54567E2DCEA0BD0089F4C2 /* TolykSebetTests */ = {
			isa = PBXNativeTarget;
			buildConfigurationList = 9E5456972DCEA0BD0089F4C2 /* Build configuration list for PBXNativeTarget "TolykSebetTests" */;
			buildPhases = (
				9E54567B2DCEA0BD0089F4C2 /* Sources */,
				9E54567C2DCEA0BD0089F4C2 /* Frameworks */,
				9E54567D2DCEA0BD0089F4C2 /* Resources */,
			);
			buildRules = (
			);
			dependencies = (
				9E5456812DCEA0BD0089F4C2 /* PBXTargetDependency */,
			);
			fileSystemSynchronizedGroups = (
				9E5456822DCEA0BD0089F4C2 /* TolykSebetTests */,
			);
			name = TolykSebetTests;
			packageProductDependencies = (
			);
			productName = TolykSebetTests;
			productReference = 9E54567F2DCEA0BD0089F4C2 /* TolykSebetTests.xctest */;
			productType = "com.apple.product-type.bundle.unit-test";
		};
		9E5456882DCEA0BD0089F4C2 /* TolykSebetUITests */ = {
			isa = PBXNativeTarget;
			buildConfigurationList = 9E54569A2DCEA0BD0089F4C2 /* Build configuration list for PBXNativeTarget "TolykSebetUITests" */;
			buildPhases = (
				9E5456852DCEA0BD0089F4C2 /* Sources */,
				9E5456862DCEA0BD0089F4C2 /* Frameworks */,
				9E5456872DCEA0BD0089F4C2 /* Resources */,
			);
			buildRules = (
			);
			dependencies = (
				9E54568B2DCEA0BD0089F4C2 /* PBXTargetDependency */,
			);
			fileSystemSynchronizedGroups = (
				9E54568C2DCEA0BD0089F4C2 /* TolykSebetUITests */,
			);
			name = TolykSebetUITests;
			packageProductDependencies = (
			);
			productName = TolykSebetUITests;
			productReference = 9E5456892DCEA0BD0089F4C2 /* TolykSebetUITests.xctest */;
			productType = "com.apple.product-type.bundle.ui-testing";
		};
/* End PBXNativeTarget section */

/* Begin PBXProject section */
		9E5456612DCEA0BC0089F4C2 /* Project object */ = {
			isa = PBXProject;
			attributes = {
				BuildIndependentTargetsInParallel = 1;
				LastSwiftUpdateCheck = 1620;
				LastUpgradeCheck = 1620;
				TargetAttributes = {
					9E5456682DCEA0BC0089F4C2 = {
						CreatedOnToolsVersion = 16.2;
					};
					9E54567E2DCEA0BD0089F4C2 = {
						CreatedOnToolsVersion = 16.2;
						TestTargetID = 9E5456682DCEA0BC0089F4C2;
					};
					9E5456882DCEA0BD0089F4C2 = {
						CreatedOnToolsVersion = 16.2;
						TestTargetID = 9E5456682DCEA0BC0089F4C2;
					};
				};
			};
			buildConfigurationList = 9E5456642DCEA0BC0089F4C2 /* Build configuration list for PBXProject "TolykSebet" */;
			developmentRegion = en;
			hasScannedForEncodings = 0;
			knownRegions = (
				en,
				Base,
			);
			mainGroup = 9E5456602DCEA0BC0089F4C2;
			minimizedProjectReferenceProxies = 1;
			packageReferences = (
				9E54569E2DCEAA9E0089F4C2 /* XCRemoteSwiftPackageReference "firebase-ios-sdk" */,
			);
			preferredProjectObjectVersion = 77;
			productRefGroup = 9E54566A2DCEA0BC0089F4C2 /* Products */;
			projectDirPath = "";
			projectRoot = "";
			targets = (
				9E5456682DCEA0BC0089F4C2 /* TolykSebet */,
				9E54567E2DCEA0BD0089F4C2 /* TolykSebetTests */,
				9E5456882DCEA0BD0089F4C2 /* TolykSebetUITests */,
			);
		};
/* End PBXProject section */

/* Begin PBXResourcesBuildPhase section */
		9E5456672DCEA0BC0089F4C2 /* Resources */ = {
			isa = PBXResourcesBuildPhase;
			buildActionMask = 2147483647;
			files = (
			);
			runOnlyForDeploymentPostprocessing = 0;
		};
		9E54567D2DCEA0BD0089F4C2 /* Resources */ = {
			isa = PBXResourcesBuildPhase;
			buildActionMask = 2147483647;
			files = (
			);
			runOnlyForDeploymentPostprocessing = 0;
		};
		9E5456872DCEA0BD0089F4C2 /* Resources */ = {
			isa = PBXResourcesBuildPhase;
			buildActionMask = 2147483647;
			files = (
			);
			runOnlyForDeploymentPostprocessing = 0;
		};
/* End PBXResourcesBuildPhase section */

/* Begin PBXSourcesBuildPhase section */
		9E5456652DCEA0BC0089F4C2 /* Sources */ = {
			isa = PBXSourcesBuildPhase;
			buildActionMask = 2147483647;
			files = (
			);
			runOnlyForDeploymentPostprocessing = 0;
		};
		9E54567B2DCEA0BD0089F4C2 /* Sources */ = {
			isa = PBXSourcesBuildPhase;
			buildActionMask = 2147483647;
			files = (
			);
			runOnlyForDeploymentPostprocessing = 0;
		};
		9E5456852DCEA0BD0089F4C2 /* Sources */ = {
			isa = PBXSourcesBuildPhase;
			buildActionMask = 2147483647;
			files = (
			);
			runOnlyForDeploymentPostprocessing = 0;
		};
/* End PBXSourcesBuildPhase section */

/* Begin PBXTargetDependency section */
		9E5456812DCEA0BD0089F4C2 /* PBXTargetDependency */ = {
			isa = PBXTargetDependency;
			target = 9E5456682DCEA0BC0089F4C2 /* TolykSebet */;
			targetProxy = 9E5456802DCEA0BD0089F4C2 /* PBXContainerItemProxy */;
		};
		9E54568B2DCEA0BD0089F4C2 /* PBXTargetDependency */ = {
			isa = PBXTargetDependency;
			target = 9E5456682DCEA0BC0089F4C2 /* TolykSebet */;
			targetProxy = 9E54568A2DCEA0BD0089F4C2 /* PBXContainerItemProxy */;
		};
/* End PBXTargetDependency section */

/* Begin XCBuildConfiguration section */
		9E5456932DCEA0BD0089F4C2 /* Debug */ = {
			isa = XCBuildConfiguration;
			buildSettings = {
				ASSETCATALOG_COMPILER_APPICON_NAME = AppIcon;
				ASSETCATALOG_COMPILER_GLOBAL_ACCENT_COLOR_NAME = AccentColor;
				CODE_SIGN_STYLE = Automatic;
				CURRENT_PROJECT_VERSION = 1;
				GENERATE_INFOPLIST_FILE = YES;
				INFOPLIST_FILE = TolykSebet/Info.plist;
				INFOPLIST_KEY_UIApplicationSupportsIndirectInputEvents = YES;
				INFOPLIST_KEY_UILaunchStoryboardName = LaunchScreen;
				INFOPLIST_KEY_UISupportedInterfaceOrientations_iPad = "UIInterfaceOrientationPortrait UIInterfaceOrientationPortraitUpsideDown UIInterfaceOrientationLandscapeLeft UIInterfaceOrientationLandscapeRight";
				INFOPLIST_KEY_UISupportedInterfaceOrientations_iPhone = "UIInterfaceOrientationPortrait UIInterfaceOrientationLandscapeLeft UIInterfaceOrientationLandscapeRight";
				LD_RUNPATH_SEARCH_PATHS = (
					"$(inherited)",
					"@executable_path/Frameworks",
				);
				MARKETING_VERSION = 1.0;
				PRODUCT_BUNDLE_IDENTIFIER = www.TolykSebet;
				PRODUCT_NAME = "$(TARGET_NAME)";
				SWIFT_EMIT_LOC_STRINGS = YES;
				SWIFT_VERSION = 5.0;
				TARGETED_DEVICE_FAMILY = "1,2";
			};
			name = Debug;
		};
		9E5456942DCEA0BD0089F4C2 /* Release */ = {
			isa = XCBuildConfiguration;
			buildSettings = {
				ASSETCATALOG_COMPILER_APPICON_NAME = AppIcon;
				ASSETCATALOG_COMPILER_GLOBAL_ACCENT_COLOR_NAME = AccentColor;
				CODE_SIGN_STYLE = Automatic;
				CURRENT_PROJECT_VERSION = 1;
				GENERATE_INFOPLIST_FILE = YES;
				INFOPLIST_FILE = TolykSebet/Info.plist;
				INFOPLIST_KEY_UIApplicationSupportsIndirectInputEvents = YES;
				INFOPLIST_KEY_UILaunchStoryboardName = LaunchScreen;
				INFOPLIST_KEY_UISupportedInterfaceOrientations_iPad = "UIInterfaceOrientationPortrait UIInterfaceOrientationPortraitUpsideDown UIInterfaceOrientationLandscapeLeft UIInterfaceOrientationLandscapeRight";
				INFOPLIST_KEY_UISupportedInterfaceOrientations_iPhone = "UIInterfaceOrientationPortrait UIInterfaceOrientationLandscapeLeft UIInterfaceOrientationLandscapeRight";
				LD_RUNPATH_SEARCH_PATHS = (
					"$(inherited)",
					"@executable_path/Frameworks",
				);
				MARKETING_VERSION = 1.0;
				PRODUCT_BUNDLE_IDENTIFIER = www.TolykSebet;
				PRODUCT_NAME = "$(TARGET_NAME)";
				SWIFT_EMIT_LOC_STRINGS = YES;
				SWIFT_VERSION = 5.0;
				TARGETED_DEVICE_FAMILY = "1,2";
			};
			name = Release;
		};
		9E5456952DCEA0BD0089F4C2 /* Debug */ = {
			isa = XCBuildConfiguration;
			buildSettings = {
				ALWAYS_SEARCH_USER_PATHS = NO;
				ASSETCATALOG_COMPILER_GENERATE_SWIFT_ASSET_SYMBOL_EXTENSIONS = YES;
				CLANG_ANALYZER_NONNULL = YES;
				CLANG_ANALYZER_NUMBER_OBJECT_CONVERSION = YES_AGGRESSIVE;
				CLANG_CXX_LANGUAGE_STANDARD = "gnu++20";
				CLANG_ENABLE_MODULES = YES;
				CLANG_ENABLE_OBJC_ARC = YES;
				CLANG_ENABLE_OBJC_WEAK = YES;
				CLANG_WARN_BLOCK_CAPTURE_AUTORELEASING = YES;
				CLANG_WARN_BOOL_CONVERSION = YES;
				CLANG_WARN_COMMA = YES;
				CLANG_WARN_CONSTANT_CONVERSION = YES;
				CLANG_WARN_DEPRECATED_OBJC_IMPLEMENTATIONS = YES;
				CLANG_WARN_DIRECT_OBJC_ISA_USAGE = YES_ERROR;
				CLANG_WARN_DOCUMENTATION_COMMENTS = YES;
				CLANG_WARN_EMPTY_BODY = YES;
				CLANG_WARN_ENUM_CONVERSION = YES;
				CLANG_WARN_INFINITE_RECURSION = YES;
				CLANG_WARN_INT_CONVERSION = YES;
				CLANG_WARN_NON_LITERAL_NULL_CONVERSION = YES;
				CLANG_WARN_OBJC_IMPLICIT_RETAIN_SELF = YES;
				CLANG_WARN_OBJC_LITERAL_CONVERSION = YES;
				CLANG_WARN_OBJC_ROOT_CLASS = YES_ERROR;
				CLANG_WARN_QUOTED_INCLUDE_IN_FRAMEWORK_HEADER = YES;
				CLANG_WARN_RANGE_LOOP_ANALYSIS = YES;
				CLANG_WARN_STRICT_PROTOTYPES = YES;
				CLANG_WARN_SUSPICIOUS_MOVE = YES;
				CLANG_WARN_UNGUARDED_AVAILABILITY = YES_AGGRESSIVE;
				CLANG_WARN_UNREACHABLE_CODE = YES;
				CLANG_WARN__DUPLICATE_METHOD_MATCH = YES;
				COPY_PHASE_STRIP = NO;
				DEBUG_INFORMATION_FORMAT = dwarf;
				ENABLE_STRICT_OBJC_MSGSEND = YES;
				ENABLE_TESTABILITY = YES;
				ENABLE_USER_SCRIPT_SANDBOXING = YES;
				GCC_C_LANGUAGE_STANDARD = gnu17;
				GCC_DYNAMIC_NO_PIC = NO;
				GCC_NO_COMMON_BLOCKS = YES;
				GCC_OPTIMIZATION_LEVEL = 0;
				GCC_PREPROCESSOR_DEFINITIONS = (
					"DEBUG=1",
					"$(inherited)",
				);
				GCC_WARN_64_TO_32_BIT_CONVERSION = YES;
				GCC_WARN_ABOUT_RETURN_TYPE = YES_ERROR;
				GCC_WARN_UNDECLARED_SELECTOR = YES;
				GCC_WARN_UNINITIALIZED_AUTOS = YES_AGGRESSIVE;
				GCC_WARN_UNUSED_FUNCTION = YES;
				GCC_WARN_UNUSED_VARIABLE = YES;
				IPHONEOS_DEPLOYMENT_TARGET = 18.2;
				LOCALIZATION_PREFERS_STRING_CATALOGS = YES;
				MTL_ENABLE_DEBUG_INFO = INCLUDE_SOURCE;
				MTL_FAST_MATH = YES;
				ONLY_ACTIVE_ARCH = YES;
				SDKROOT = iphoneos;
				SWIFT_ACTIVE_COMPILATION_CONDITIONS = "DEBUG $(inherited)";
				SWIFT_OPTIMIZATION_LEVEL = "-Onone";
			};
			name = Debug;
		};
		9E5456962DCEA0BD0089F4C2 /* Release */ = {
			isa = XCBuildConfiguration;
			buildSettings = {
				ALWAYS_SEARCH_USER_PATHS = NO;
				ASSETCATALOG_COMPILER_GENERATE_SWIFT_ASSET_SYMBOL_EXTENSIONS = YES;
				CLANG_ANALYZER_NONNULL = YES;
				CLANG_ANALYZER_NUMBER_OBJECT_CONVERSION = YES_AGGRESSIVE;
				CLANG_CXX_LANGUAGE_STANDARD = "gnu++20";
				CLANG_ENABLE_MODULES = YES;
				CLANG_ENABLE_OBJC_ARC = YES;
				CLANG_ENABLE_OBJC_WEAK = YES;
				CLANG_WARN_BLOCK_CAPTURE_AUTORELEASING = YES;
				CLANG_WARN_BOOL_CONVERSION = YES;
				CLANG_WARN_COMMA = YES;
				CLANG_WARN_CONSTANT_CONVERSION = YES;
				CLANG_WARN_DEPRECATED_OBJC_IMPLEMENTATIONS = YES;
				CLANG_WARN_DIRECT_OBJC_ISA_USAGE = YES_ERROR;
				CLANG_WARN_DOCUMENTATION_COMMENTS = YES;
				CLANG_WARN_EMPTY_BODY = YES;
				CLANG_WARN_ENUM_CONVERSION = YES;
				CLANG_WARN_INFINITE_RECURSION = YES;
				CLANG_WARN_INT_CONVERSION = YES;
				CLANG_WARN_NON_LITERAL_NULL_CONVERSION = YES;
				CLANG_WARN_OBJC_IMPLICIT_RETAIN_SELF = YES;
				CLANG_WARN_OBJC_LITERAL_CONVERSION = YES;
				CLANG_WARN_OBJC_ROOT_CLASS = YES_ERROR;
				CLANG_WARN_QUOTED_INCLUDE_IN_FRAMEWORK_HEADER = YES;
				CLANG_WARN_RANGE_LOOP_ANALYSIS = YES;
				CLANG_WARN_STRICT_PROTOTYPES = YES;
				CLANG_WARN_SUSPICIOUS_MOVE = YES;
				CLANG_WARN_UNGUARDED_AVAILABILITY = YES_AGGRESSIVE;
				CLANG_WARN_UNREACHABLE_CODE = YES;
				CLANG_WARN__DUPLICATE_METHOD_MATCH = YES;
				COPY_PHASE_STRIP = NO;
				DEBUG_INFORMATION_FORMAT = "dwarf-with-dsym";
				ENABLE_NS_ASSERTIONS = NO;
				ENABLE_STRICT_OBJC_MSGSEND = YES;
				ENABLE_USER_SCRIPT_SANDBOXING = YES;
				GCC_C_LANGUAGE_STANDARD = gnu17;
				GCC_NO_COMMON_BLOCKS = YES;
				GCC_WARN_64_TO_32_BIT_CONVERSION = YES;
				GCC_WARN_ABOUT_RETURN_TYPE = YES_ERROR;
				GCC_WARN_UNDECLARED_SELECTOR = YES;
				GCC_WARN_UNINITIALIZED_AUTOS = YES_AGGRESSIVE;
				GCC_WARN_UNUSED_FUNCTION = YES;
				GCC_WARN_UNUSED_VARIABLE = YES;
				IPHONEOS_DEPLOYMENT_TARGET = 18.2;
				LOCALIZATION_PREFERS_STRING_CATALOGS = YES;
				MTL_ENABLE_DEBUG_INFO = NO;
				MTL_FAST_MATH = YES;
				SDKROOT = iphoneos;
				SWIFT_COMPILATION_MODE = wholemodule;
				VALIDATE_PRODUCT = YES;
			};
			name = Release;
		};
		9E5456982DCEA0BD0089F4C2 /* Debug */ = {
			isa = XCBuildConfiguration;
			buildSettings = {
				BUNDLE_LOADER = "$(TEST_HOST)";
				CODE_SIGN_STYLE = Automatic;
				CURRENT_PROJECT_VERSION = 1;
				GENERATE_INFOPLIST_FILE = YES;
				IPHONEOS_DEPLOYMENT_TARGET = 18.2;
				MARKETING_VERSION = 1.0;
				PRODUCT_BUNDLE_IDENTIFIER = www.TolykSebetTests;
				PRODUCT_NAME = "$(TARGET_NAME)";
				SWIFT_EMIT_LOC_STRINGS = NO;
				SWIFT_VERSION = 5.0;
				TARGETED_DEVICE_FAMILY = "1,2";
				TEST_HOST = "$(BUILT_PRODUCTS_DIR)/TolykSebet.app/$(BUNDLE_EXECUTABLE_FOLDER_PATH)/TolykSebet";
			};
			name = Debug;
		};
		9E5456992DCEA0BD0089F4C2 /* Release */ = {
			isa = XCBuildConfiguration;
			buildSettings = {
				BUNDLE_LOADER = "$(TEST_HOST)";
				CODE_SIGN_STYLE = Automatic;
				CURRENT_PROJECT_VERSION = 1;
				GENERATE_INFOPLIST_FILE = YES;
				IPHONEOS_DEPLOYMENT_TARGET = 18.2;
				MARKETING_VERSION = 1.0;
				PRODUCT_BUNDLE_IDENTIFIER = www.TolykSebetTests;
				PRODUCT_NAME = "$(TARGET_NAME)";
				SWIFT_EMIT_LOC_STRINGS = NO;
				SWIFT_VERSION = 5.0;
				TARGETED_DEVICE_FAMILY = "1,2";
				TEST_HOST = "$(BUILT_PRODUCTS_DIR)/TolykSebet.app/$(BUNDLE_EXECUTABLE_FOLDER_PATH)/TolykSebet";
			};
			name = Release;
		};
		9E54569B2DCEA0BD0089F4C2 /* Debug */ = {
			isa = XCBuildConfiguration;
			buildSettings = {
				CODE_SIGN_STYLE = Automatic;
				CURRENT_PROJECT_VERSION = 1;
				GENERATE_INFOPLIST_FILE = YES;
				MARKETING_VERSION = 1.0;
				PRODUCT_BUNDLE_IDENTIFIER = www.TolykSebetUITests;
				PRODUCT_NAME = "$(TARGET_NAME)";
				SWIFT_EMIT_LOC_STRINGS = NO;
				SWIFT_VERSION = 5.0;
				TARGETED_DEVICE_FAMILY = "1,2";
				TEST_TARGET_NAME = TolykSebet;
			};
			name = Debug;
		};
		9E54569C2DCEA0BD0089F4C2 /* Release */ = {
			isa = XCBuildConfiguration;
			buildSettings = {
				CODE_SIGN_STYLE = Automatic;
				CURRENT_PROJECT_VERSION = 1;
				GENERATE_INFOPLIST_FILE = YES;
				MARKETING_VERSION = 1.0;
				PRODUCT_BUNDLE_IDENTIFIER = www.TolykSebetUITests;
				PRODUCT_NAME = "$(TARGET_NAME)";
				SWIFT_EMIT_LOC_STRINGS = NO;
				SWIFT_VERSION = 5.0;
				TARGETED_DEVICE_FAMILY = "1,2";
				TEST_TARGET_NAME = TolykSebet;
			};
			name = Release;
		};
/* End XCBuildConfiguration section */

/* Begin XCConfigurationList section */
		9E5456642DCEA0BC0089F4C2 /* Build configuration list for PBXProject "TolykSebet" */ = {
			isa = XCConfigurationList;
			buildConfigurations = (
				9E5456952DCEA0BD0089F4C2 /* Debug */,
				9E5456962DCEA0BD0089F4C2 /* Release */,
			);
			defaultConfigurationIsVisible = 0;
			defaultConfigurationName = Release;
		};
		9E5456922DCEA0BD0089F4C2 /* Build configuration list for PBXNativeTarget "TolykSebet" */ = {
			isa = XCConfigurationList;
			buildConfigurations = (
				9E5456932DCEA0BD0089F4C2 /* Debug */,
				9E5456942DCEA0BD0089F4C2 /* Release */,
			);
			defaultConfigurationIsVisible = 0;
			defaultConfigurationName = Release;
		};
		9E5456972DCEA0BD0089F4C2 /* Build configuration list for PBXNativeTarget "TolykSebetTests" */ = {
			isa = XCConfigurationList;
			buildConfigurations = (
				9E5456982DCEA0BD0089F4C2 /* Debug */,
				9E5456992DCEA0BD0089F4C2 /* Release */,
			);
			defaultConfigurationIsVisible = 0;
			defaultConfigurationName = Release;
		};
		9E54569A2DCEA0BD0089F4C2 /* Build configuration list for PBXNativeTarget "TolykSebetUITests" */ = {
			isa = XCConfigurationList;
			buildConfigurations = (
				9E54569B2DCEA0BD0089F4C2 /* Debug */,
				9E54569C2DCEA0BD0089F4C2 /* Release */,
			);
			defaultConfigurationIsVisible = 0;
			defaultConfigurationName = Release;
		};
/* End XCConfigurationList section */

/* Begin XCRemoteSwiftPackageReference section */
		9E54569E2DCEAA9E0089F4C2 /* XCRemoteSwiftPackageReference "firebase-ios-sdk" */ = {
			isa = XCRemoteSwiftPackageReference;
			repositoryURL = "https://github.com/firebase/firebase-ios-sdk";
			requirement = {
				kind = upToNextMajorVersion;
				minimumVersion = 11.12.0;
			};
		};
/* End XCRemoteSwiftPackageReference section */

/* Begin XCSwiftPackageProductDependency section */
		9E36A8C02DD3202E003BA4CB /* FirebaseFirestore */ = {
			isa = XCSwiftPackageProductDependency;
			package = 9E54569E2DCEAA9E0089F4C2 /* XCRemoteSwiftPackageReference "firebase-ios-sdk" */;
			productName = FirebaseFirestore;
		};
		9E54569F2DCEAA9E0089F4C2 /* FirebaseAuth */ = {
			isa = XCSwiftPackageProductDependency;
			package = 9E54569E2DCEAA9E0089F4C2 /* XCRemoteSwiftPackageReference "firebase-ios-sdk" */;
			productName = FirebaseAuth;
		};
/* End XCSwiftPackageProductDependency section */
	};
	rootObject = 9E5456612DCEA0BC0089F4C2 /* Project object */;
}
